
Microsoft Visual Studio Solution File, Format Version 12.00
# Visual Studio Version 16
VisualStudioVersion = 16.0.30621.155
MinimumVisualStudioVersion = 10.0.40219.1
Project("{FAE04EC0-301F-11D3-BF4B-00C04F79EFBC}") = "My.GitHub.Web", "My.GitHub.Web\My.GitHub.Web.csproj", "{710C6B72-A8CC-426C-B74D-2AF23B36FEF0}"
EndProject
Global
	GlobalSection(SolutionConfigurationPlatforms) = preSolution
		Debug|Any CPU = Debug|Any CPU
		Release|Any CPU = Release|Any CPU
	EndGlobalSection
	GlobalSection(ProjectConfigurationPlatforms) = postSolution
		{710C6B72-A8CC-426C-B74D-2AF23B36FEF0}.Debug|Any CPU.ActiveCfg = Debug|Any CPU
		{710C6B72-A8CC-426C-B74D-2AF23B36FEF0}.Debug|Any CPU.Build.0 = Debug|Any CPU
		{710C6B72-A8CC-426C-B74D-2AF23B36FEF0}.Release|Any CPU.ActiveCfg = Release|Any CPU
		{710C6B72-A8CC-426C-B74D-2AF23B36FEF0}.Release|Any CPU.Build.0 = Release|Any CPU
	EndGlobalSection
	GlobalSection(SolutionProperties) = preSolution
		HideSolutionNode = FALSE
	EndGlobalSection
	GlobalSection(ExtensibilityGlobals) = postSolution
		SolutionGuid = {C58FDDB5-F949-4A60-8B47-8979059BEDC6}
	EndGlobalSection
EndGlobal
